// !$*UTF8*$!
{
	archiveVersion = 1;
	classes = {
	};
	objectVersion = 51;
	objects = {

/* Begin PBXBuildFile section */
		8170E6A02350A0C200FA52F0 /* AppDelegate.swift in Sources */ = {isa = PBXBuildFile; fileRef = 8170E69F2350A0C200FA52F0 /* AppDelegate.swift */; };
		8170E6A22350A0C200FA52F0 /* SceneDelegate.swift in Sources */ = {isa = PBXBuildFile; fileRef = 8170E6A12350A0C200FA52F0 /* SceneDelegate.swift */; };
		8170E6A42350A0C200FA52F0 /* PrincipalViewController.swift in Sources */ = {isa = PBXBuildFile; fileRef = 8170E6A32350A0C200FA52F0 /* PrincipalViewController.swift */; };
		8170E6A72350A0C200FA52F0 /* Main.storyboard in Resources */ = {isa = PBXBuildFile; fileRef = 8170E6A52350A0C200FA52F0 /* Main.storyboard */; };
		8170E6A92350A0CC00FA52F0 /* Assets.xcassets in Resources */ = {isa = PBXBuildFile; fileRef = 8170E6A82350A0CC00FA52F0 /* Assets.xcassets */; };
		8170E6AC2350A0CC00FA52F0 /* LaunchScreen.storyboard in Resources */ = {isa = PBXBuildFile; fileRef = 8170E6AA2350A0CC00FA52F0 /* LaunchScreen.storyboard */; };
		8170E6BB2350A46800FA52F0 /* logo.png in Resources */ = {isa = PBXBuildFile; fileRef = 8170E6B92350A46800FA52F0 /* logo.png */; };
		8170E6BC2350A46900FA52F0 /* fundo.png in Resources */ = {isa = PBXBuildFile; fileRef = 8170E6BA2350A46800FA52F0 /* fundo.png */; };
		8170E6BE2350B33A00FA52F0 /* CadastroViewController.swift in Sources */ = {isa = PBXBuildFile; fileRef = 8170E6BD2350B33A00FA52F0 /* CadastroViewController.swift */; };
		8170E6C02350B34E00FA52F0 /* EntrarViewController.swift in Sources */ = {isa = PBXBuildFile; fileRef = 8170E6BF2350B34E00FA52F0 /* EntrarViewController.swift */; };
		8170E6C22351237300FA52F0 /* PassageiroViewController.swift in Sources */ = {isa = PBXBuildFile; fileRef = 8170E6C12351237300FA52F0 /* PassageiroViewController.swift */; };
		81C07F8423563A6E00A7ABB9 /* GoogleService-Info.plist in Resources */ = {isa = PBXBuildFile; fileRef = 81C07F8323563A6D00A7ABB9 /* GoogleService-Info.plist */; };
		81CE06882354A63C00A22D21 /* File.swift in Sources */ = {isa = PBXBuildFile; fileRef = 81CE06872354A63C00A22D21 /* File.swift */; };
		9E2BA1BBB92F10EE89474931 /* Pods_UberClone.framework in Frameworks */ = {isa = PBXBuildFile; fileRef = 1DAD6EE16D4DF0084B3FCB22 /* Pods_UberClone.framework */; };
/* End PBXBuildFile section */

/* Begin PBXFileReference section */
		155E55A044BAE4CA53320EE2 /* Pods-UberClone.debug.xcconfig */ = {isa = PBXFileReference; includeInIndex = 1; lastKnownFileType = text.xcconfig; name = "Pods-UberClone.debug.xcconfig"; path = "Target Support Files/Pods-UberClone/Pods-UberClone.debug.xcconfig"; sourceTree = "<group>"; };
		1DAD6EE16D4DF0084B3FCB22 /* Pods_UberClone.framework */ = {isa = PBXFileReference; explicitFileType = wrapper.framework; includeInIndex = 0; path = Pods_UberClone.framework; sourceTree = BUILT_PRODUCTS_DIR; };
		1F862EC919871EADEE4CEFB1 /* Pods-UberClone.release.xcconfig */ = {isa = PBXFileReference; includeInIndex = 1; lastKnownFileType = text.xcconfig; name = "Pods-UberClone.release.xcconfig"; path = "Target Support Files/Pods-UberClone/Pods-UberClone.release.xcconfig"; sourceTree = "<group>"; };
		8170E69C2350A0C200FA52F0 /* UberClone.app */ = {isa = PBXFileReference; explicitFileType = wrapper.application; includeInIndex = 0; path = UberClone.app; sourceTree = BUILT_PRODUCTS_DIR; };
		8170E69F2350A0C200FA52F0 /* AppDelegate.swift */ = {isa = PBXFileReference; lastKnownFileType = sourcecode.swift; path = AppDelegate.swift; sourceTree = "<group>"; };
		8170E6A12350A0C200FA52F0 /* SceneDelegate.swift */ = {isa = PBXFileReference; lastKnownFileType = sourcecode.swift; path = SceneDelegate.swift; sourceTree = "<group>"; };
		8170E6A32350A0C200FA52F0 /* PrincipalViewController.swift */ = {isa = PBXFileReference; lastKnownFileType = sourcecode.swift; path = PrincipalViewController.swift; sourceTree = "<group>"; };
		8170E6A62350A0C200FA52F0 /* Base */ = {isa = PBXFileReference; lastKnownFileType = file.storyboard; name = Base; path = Base.lproj/Main.storyboard; sourceTree = "<group>"; };
		8170E6A82350A0CC00FA52F0 /* Assets.xcassets */ = {isa = PBXFileReference; lastKnownFileType = folder.assetcatalog; path = Assets.xcassets; sourceTree = "<group>"; };
		8170E6AB2350A0CC00FA52F0 /* Base */ = {isa = PBXFileReference; lastKnownFileType = file.storyboard; name = Base; path = Base.lproj/LaunchScreen.storyboard; sourceTree = "<group>"; };
		8170E6AD2350A0CC00FA52F0 /* Info.plist */ = {isa = PBXFileReference; lastKnownFileType = text.plist.xml; path = Info.plist; sourceTree = "<group>"; };
		8170E6B92350A46800FA52F0 /* logo.png */ = {isa = PBXFileReference; lastKnownFileType = image.png; path = logo.png; sourceTree = "<group>"; };
		8170E6BA2350A46800FA52F0 /* fundo.png */ = {isa = PBXFileReference; lastKnownFileType = image.png; path = fundo.png; sourceTree = "<group>"; };
		8170E6BD2350B33A00FA52F0 /* CadastroViewController.swift */ = {isa = PBXFileReference; lastKnownFileType = sourcecode.swift; path = CadastroViewController.swift; sourceTree = "<group>"; };
		8170E6BF2350B34E00FA52F0 /* EntrarViewController.swift */ = {isa = PBXFileReference; lastKnownFileType = sourcecode.swift; path = EntrarViewController.swift; sourceTree = "<group>"; };
		8170E6C12351237300FA52F0 /* PassageiroViewController.swift */ = {isa = PBXFileReference; lastKnownFileType = sourcecode.swift; path = PassageiroViewController.swift; sourceTree = "<group>"; };
		81C07F8323563A6D00A7ABB9 /* GoogleService-Info.plist */ = {isa = PBXFileReference; fileEncoding = 4; lastKnownFileType = text.plist.xml; path = "GoogleService-Info.plist"; sourceTree = "<group>"; };
		81CE06872354A63C00A22D21 /* File.swift */ = {isa = PBXFileReference; lastKnownFileType = sourcecode.swift; path = File.swift; sourceTree = "<group>"; };
/* End PBXFileReference section */

/* Begin PBXFrameworksBuildPhase section */
		8170E6992350A0C200FA52F0 /* Frameworks */ = {
			isa = PBXFrameworksBuildPhase;
			buildActionMask = 2147483647;
			files = (
				9E2BA1BBB92F10EE89474931 /* Pods_UberClone.framework in Frameworks */,
			);
			runOnlyForDeploymentPostprocessing = 0;
		};
/* End PBXFrameworksBuildPhase section */

/* Begin PBXGroup section */
		52A99DEF6FCA42333D28847D /* Frameworks */ = {
			isa = PBXGroup;
			children = (
				1DAD6EE16D4DF0084B3FCB22 /* Pods_UberClone.framework */,
			);
			name = Frameworks;
			sourceTree = "<group>";
		};
		74B58AE2E577BB407E0833FB /* Pods */ = {
			isa = PBXGroup;
			children = (
				155E55A044BAE4CA53320EE2 /* Pods-UberClone.debug.xcconfig */,
				1F862EC919871EADEE4CEFB1 /* Pods-UberClone.release.xcconfig */,
			);
			path = Pods;
			sourceTree = "<group>";
		};
		8170E6932350A0C200FA52F0 = {
			isa = PBXGroup;
			children = (
				8170E69E2350A0C200FA52F0 /* UberClone */,
				8170E69D2350A0C200FA52F0 /* Products */,
				74B58AE2E577BB407E0833FB /* Pods */,
				52A99DEF6FCA42333D28847D /* Frameworks */,
			);
			sourceTree = "<group>";
		};
		8170E69D2350A0C200FA52F0 /* Products */ = {
			isa = PBXGroup;
			children = (
				8170E69C2350A0C200FA52F0 /* UberClone.app */,
			);
			name = Products;
			sourceTree = "<group>";
		};
		8170E69E2350A0C200FA52F0 /* UberClone */ = {
			isa = PBXGroup;
			children = (
				8170E69F2350A0C200FA52F0 /* AppDelegate.swift */,
				8170E6B52350A40D00FA52F0 /* Controller */,
				8170E6B62350A42F00FA52F0 /* View */,
				8170E6B72350A43800FA52F0 /* Model */,
				8170E6A82350A0CC00FA52F0 /* Assets.xcassets */,
				8170E6AA2350A0CC00FA52F0 /* LaunchScreen.storyboard */,
				8170E6AD2350A0CC00FA52F0 /* Info.plist */,
				81C07F8323563A6D00A7ABB9 /* GoogleService-Info.plist */,
				8170E6B82350A45300FA52F0 /* Imagens */,
			);
			path = UberClone;
			sourceTree = "<group>";
		};
		8170E6B52350A40D00FA52F0 /* Controller */ = {
			isa = PBXGroup;
			children = (
				8170E6A32350A0C200FA52F0 /* PrincipalViewController.swift */,
				8170E6BD2350B33A00FA52F0 /* CadastroViewController.swift */,
				8170E6BF2350B34E00FA52F0 /* EntrarViewController.swift */,
				8170E6C12351237300FA52F0 /* PassageiroViewController.swift */,
				81CE06872354A63C00A22D21 /* File.swift */,
			);
			path = Controller;
			sourceTree = "<group>";
		};
		8170E6B62350A42F00FA52F0 /* View */ = {
			isa = PBXGroup;
			children = (
				8170E6A12350A0C200FA52F0 /* SceneDelegate.swift */,
				8170E6A52350A0C200FA52F0 /* Main.storyboard */,
			);
			path = View;
			sourceTree = "<group>";
		};
		8170E6B72350A43800FA52F0 /* Model */ = {
			isa = PBXGroup;
			children = (
			);
			path = Model;
			sourceTree = "<group>";
		};
		8170E6B82350A45300FA52F0 /* Imagens */ = {
			isa = PBXGroup;
			children = (
				8170E6BA2350A46800FA52F0 /* fundo.png */,
				8170E6B92350A46800FA52F0 /* logo.png */,
			);
			path = Imagens;
			sourceTree = "<group>";
		};
/* End PBXGroup section */

/* Begin PBXNativeTarget section */
		8170E69B2350A0C200FA52F0 /* UberClone */ = {
			isa = PBXNativeTarget;
			buildConfigurationList = 8170E6B02350A0CC00FA52F0 /* Build configuration list for PBXNativeTarget "UberClone" */;
			buildPhases = (
				446B2001DEA8346AD27E5BFA /* [CP] Check Pods Manifest.lock */,
				8170E6982350A0C200FA52F0 /* Sources */,
				8170E6992350A0C200FA52F0 /* Frameworks */,
				8170E69A2350A0C200FA52F0 /* Resources */,
				32889249DE27473610745021 /* [CP] Embed Pods Frameworks */,
			);
			buildRules = (
			);
			dependencies = (
			);
			name = UberClone;
			productName = UberClone;
			productReference = 8170E69C2350A0C200FA52F0 /* UberClone.app */;
			productType = "com.apple.product-type.application";
		};
/* End PBXNativeTarget section */

/* Begin PBXProject section */
		8170E6942350A0C200FA52F0 /* Project object */ = {
			isa = PBXProject;
			attributes = {
				LastSwiftUpdateCheck = 1100;
				LastUpgradeCheck = 1100;
				ORGANIZATIONNAME = JCAS;
				TargetAttributes = {
					8170E69B2350A0C200FA52F0 = {
						CreatedOnToolsVersion = 11.0;
					};
				};
			};
			buildConfigurationList = 8170E6972350A0C200FA52F0 /* Build configuration list for PBXProject "UberClone" */;
			compatibilityVersion = "Xcode 9.3";
			developmentRegion = en;
			hasScannedForEncodings = 0;
			knownRegions = (
				en,
				Base,
			);
			mainGroup = 8170E6932350A0C200FA52F0;
			productRefGroup = 8170E69D2350A0C200FA52F0 /* Products */;
			projectDirPath = "";
			projectRoot = "";
			targets = (
				8170E69B2350A0C200FA52F0 /* UberClone */,
			);
		};
/* End PBXProject section */

/* Begin PBXResourcesBuildPhase section */
		8170E69A2350A0C200FA52F0 /* Resources */ = {
			isa = PBXResourcesBuildPhase;
			buildActionMask = 2147483647;
			files = (
				8170E6AC2350A0CC00FA52F0 /* LaunchScreen.storyboard in Resources */,
				8170E6BB2350A46800FA52F0 /* logo.png in Resources */,
				8170E6BC2350A46900FA52F0 /* fundo.png in Resources */,
				8170E6A92350A0CC00FA52F0 /* Assets.xcassets in Resources */,
				8170E6A72350A0C200FA52F0 /* Main.storyboard in Resources */,
				81C07F8423563A6E00A7ABB9 /* GoogleService-Info.plist in Resources */,
			);
			runOnlyForDeploymentPostprocessing = 0;
		};
/* End PBXResourcesBuildPhase section */

/* Begin PBXShellScriptBuildPhase section */
		32889249DE27473610745021 /* [CP] Embed Pods Frameworks */ = {
			isa = PBXShellScriptBuildPhase;
			buildActionMask = 2147483647;
			files = (
			);
			inputFileListPaths = (
				"${PODS_ROOT}/Target Support Files/Pods-UberClone/Pods-UberClone-frameworks-${CONFIGURATION}-input-files.xcfilelist",
			);
			name = "[CP] Embed Pods Frameworks";
			outputFileListPaths = (
				"${PODS_ROOT}/Target Support Files/Pods-UberClone/Pods-UberClone-frameworks-${CONFIGURATION}-output-files.xcfilelist",
			);
			runOnlyForDeploymentPostprocessing = 0;
			shellPath = /bin/sh;
			shellScript = "\"${PODS_ROOT}/Target Support Files/Pods-UberClone/Pods-UberClone-frameworks.sh\"\n";
			showEnvVarsInLog = 0;
		};
		446B2001DEA8346AD27E5BFA /* [CP] Check Pods Manifest.lock */ = {
			isa = PBXShellScriptBuildPhase;
			buildActionMask = 2147483647;
			files = (
			);
			inputFileListPaths = (
			);
			inputPaths = (
				"${PODS_PODFILE_DIR_PATH}/Podfile.lock",
				"${PODS_ROOT}/Manifest.lock",
			);
			name = "[CP] Check Pods Manifest.lock";
			outputFileListPaths = (
			);
			outputPaths = (
				"$(DERIVED_FILE_DIR)/Pods-UberClone-checkManifestLockResult.txt",
			);
			runOnlyForDeploymentPostprocessing = 0;
			shellPath = /bin/sh;
			shellScript = "diff \"${PODS_PODFILE_DIR_PATH}/Podfile.lock\" \"${PODS_ROOT}/Manifest.lock\" > /dev/null\nif [ $? != 0 ] ; then\n    # print error to STDERR\n    echo \"error: The sandbox is not in sync with the Podfile.lock. Run 'pod install' or update your CocoaPods installation.\" >&2\n    exit 1\nfi\n# This output is used by Xcode 'outputs' to avoid re-running this script phase.\necho \"SUCCESS\" > \"${SCRIPT_OUTPUT_FILE_0}\"\n";
			showEnvVarsInLog = 0;
		};
/* End PBXShellScriptBuildPhase section */

/* Begin PBXSourcesBuildPhase section */
		8170E6982350A0C200FA52F0 /* Sources */ = {
			isa = PBXSourcesBuildPhase;
			buildActionMask = 2147483647;
			files = (
				8170E6C22351237300FA52F0 /* PassageiroViewController.swift in Sources */,
				8170E6A42350A0C200FA52F0 /* PrincipalViewController.swift in Sources */,
				81CE06882354A63C00A22D21 /* File.swift in Sources */,
				8170E6A02350A0C200FA52F0 /* AppDelegate.swift in Sources */,
				8170E6A22350A0C200FA52F0 /* SceneDelegate.swift in Sources */,
				8170E6BE2350B33A00FA52F0 /* CadastroViewController.swift in Sources */,
				8170E6C02350B34E00FA52F0 /* EntrarViewController.swift in Sources */,
			);
			runOnlyForDeploymentPostprocessing = 0;
		};
/* End PBXSourcesBuildPhase section */

/* Begin PBXVariantGroup section */
		8170E6A52350A0C200FA52F0 /* Main.storyboard */ = {
			isa = PBXVariantGroup;
			children = (
				8170E6A62350A0C200FA52F0 /* Base */,
			);
			name = Main.storyboard;
			sourceTree = "<group>";
		};
		8170E6AA2350A0CC00FA52F0 /* LaunchScreen.storyboard */ = {
			isa = PBXVariantGroup;
			children = (
				8170E6AB2350A0CC00FA52F0 /* Base */,
			);
			name = LaunchScreen.storyboard;
			sourceTree = "<group>";
		};
/* End PBXVariantGroup section */

/* Begin XCBuildConfiguration section */
		8170E6AE2350A0CC00FA52F0 /* Debug */ = {
			isa = XCBuildConfiguration;
			buildSettings = {
				ALWAYS_SEARCH_USER_PATHS = NO;
				CLANG_ANALYZER_NONNULL = YES;
				CLANG_ANALYZER_NUMBER_OBJECT_CONVERSION = YES_AGGRESSIVE;
				CLANG_CXX_LANGUAGE_STANDARD = "gnu++14";
				CLANG_CXX_LIBRARY = "libc++";
				CLANG_ENABLE_MODULES = YES;
				CLANG_ENABLE_OBJC_ARC = YES;
				CLANG_ENABLE_OBJC_WEAK = YES;
				CLANG_WARN_BLOCK_CAPTURE_AUTORELEASING = YES;
				CLANG_WARN_BOOL_CONVERSION = YES;
				CLANG_WARN_COMMA = YES;
				CLANG_WARN_CONSTANT_CONVERSION = YES;
				CLANG_WARN_DEPRECATED_OBJC_IMPLEMENTATIONS = YES;
				CLANG_WARN_DIRECT_OBJC_ISA_USAGE = YES_ERROR;
				CLANG_WARN_DOCUMENTATION_COMMENTS = YES;
				CLANG_WARN_EMPTY_BODY = YES;
				CLANG_WARN_ENUM_CONVERSION = YES;
				CLANG_WARN_INFINITE_RECURSION = YES;
				CLANG_WARN_INT_CONVERSION = YES;
				CLANG_WARN_NON_LITERAL_NULL_CONVERSION = YES;
				CLANG_WARN_OBJC_IMPLICIT_RETAIN_SELF = YES;
				CLANG_WARN_OBJC_LITERAL_CONVERSION = YES;
				CLANG_WARN_OBJC_ROOT_CLASS = YES_ERROR;
				CLANG_WARN_RANGE_LOOP_ANALYSIS = YES;
				CLANG_WARN_STRICT_PROTOTYPES = YES;
				CLANG_WARN_SUSPICIOUS_MOVE = YES;
				CLANG_WARN_UNGUARDED_AVAILABILITY = YES_AGGRESSIVE;
				CLANG_WARN_UNREACHABLE_CODE = YES;
				CLANG_WARN__DUPLICATE_METHOD_MATCH = YES;
				COPY_PHASE_STRIP = NO;
				DEBUG_INFORMATION_FORMAT = dwarf;
				ENABLE_STRICT_OBJC_MSGSEND = YES;
				ENABLE_TESTABILITY = YES;
				GCC_C_LANGUAGE_STANDARD = gnu11;
				GCC_DYNAMIC_NO_PIC = NO;
				GCC_NO_COMMON_BLOCKS = YES;
				GCC_OPTIMIZATION_LEVEL = 0;
				GCC_PREPROCESSOR_DEFINITIONS = (
					"DEBUG=1",
					"$(inherited)",
				);
				GCC_WARN_64_TO_32_BIT_CONVERSION = YES;
				GCC_WARN_ABOUT_RETURN_TYPE = YES_ERROR;
				GCC_WARN_UNDECLARED_SELECTOR = YES;
				GCC_WARN_UNINITIALIZED_AUTOS = YES_AGGRESSIVE;
				GCC_WARN_UNUSED_FUNCTION = YES;
				GCC_WARN_UNUSED_VARIABLE = YES;
				IPHONEOS_DEPLOYMENT_TARGET = 13.0;
				MTL_ENABLE_DEBUG_INFO = INCLUDE_SOURCE;
				MTL_FAST_MATH = YES;
				ONLY_ACTIVE_ARCH = YES;
				SDKROOT = iphoneos;
				SWIFT_ACTIVE_COMPILATION_CONDITIONS = DEBUG;
				SWIFT_OPTIMIZATION_LEVEL = "-Onone";
			};
			name = Debug;
		};
		8170E6AF2350A0CC00FA52F0 /* Release */ = {
			isa = XCBuildConfiguration;
			buildSettings = {
				ALWAYS_SEARCH_USER_PATHS = NO;
				CLANG_ANALYZER_NONNULL = YES;
				CLANG_ANALYZER_NUMBER_OBJECT_CONVERSION = YES_AGGRESSIVE;
				CLANG_CXX_LANGUAGE_STANDARD = "gnu++14";
				CLANG_CXX_LIBRARY = "libc++";
				CLANG_ENABLE_MODULES = YES;
				CLANG_ENABLE_OBJC_ARC = YES;
				CLANG_ENABLE_OBJC_WEAK = YES;
				CLANG_WARN_BLOCK_CAPTURE_AUTORELEASING = YES;
				CLANG_WARN_BOOL_CONVERSION = YES;
				CLANG_WARN_COMMA = YES;
				CLANG_WARN_CONSTANT_CONVERSION = YES;
				CLANG_WARN_DEPRECATED_OBJC_IMPLEMENTATIONS = YES;
				CLANG_WARN_DIRECT_OBJC_ISA_USAGE = YES_ERROR;
				CLANG_WARN_DOCUMENTATION_COMMENTS = YES;
				CLANG_WARN_EMPTY_BODY = YES;
				CLANG_WARN_ENUM_CONVERSION = YES;
				CLANG_WARN_INFINITE_RECURSION = YES;
				CLANG_WARN_INT_CONVERSION = YES;
				CLANG_WARN_NON_LITERAL_NULL_CONVERSION = YES;
				CLANG_WARN_OBJC_IMPLICIT_RETAIN_SELF = YES;
				CLANG_WARN_OBJC_LITERAL_CONVERSION = YES;
				CLANG_WARN_OBJC_ROOT_CLASS = YES_ERROR;
				CLANG_WARN_RANGE_LOOP_ANALYSIS = YES;
				CLANG_WARN_STRICT_PROTOTYPES = YES;
				CLANG_WARN_SUSPICIOUS_MOVE = YES;
				CLANG_WARN_UNGUARDED_AVAILABILITY = YES_AGGRESSIVE;
				CLANG_WARN_UNREACHABLE_CODE = YES;
				CLANG_WARN__DUPLICATE_METHOD_MATCH = YES;
				COPY_PHASE_STRIP = NO;
				DEBUG_INFORMATION_FORMAT = "dwarf-with-dsym";
				ENABLE_NS_ASSERTIONS = NO;
				ENABLE_STRICT_OBJC_MSGSEND = YES;
				GCC_C_LANGUAGE_STANDARD = gnu11;
				GCC_NO_COMMON_BLOCKS = YES;
				GCC_WARN_64_TO_32_BIT_CONVERSION = YES;
				GCC_WARN_ABOUT_RETURN_TYPE = YES_ERROR;
				GCC_WARN_UNDECLARED_SELECTOR = YES;
				GCC_WARN_UNINITIALIZED_AUTOS = YES_AGGRESSIVE;
				GCC_WARN_UNUSED_FUNCTION = YES;
				GCC_WARN_UNUSED_VARIABLE = YES;
				IPHONEOS_DEPLOYMENT_TARGET = 13.0;
				MTL_ENABLE_DEBUG_INFO = NO;
				MTL_FAST_MATH = YES;
				SDKROOT = iphoneos;
				SWIFT_COMPILATION_MODE = wholemodule;
				SWIFT_OPTIMIZATION_LEVEL = "-O";
				VALIDATE_PRODUCT = YES;
			};
			name = Release;
		};
		8170E6B12350A0CC00FA52F0 /* Debug */ = {
			isa = XCBuildConfiguration;
			baseConfigurationReference = 155E55A044BAE4CA53320EE2 /* Pods-UberClone.debug.xcconfig */;
			buildSettings = {
				ASSETCATALOG_COMPILER_APPICON_NAME = AppIcon;
				CODE_SIGN_STYLE = Automatic;
				INFOPLIST_FILE = UberClone/Info.plist;
				LD_RUNPATH_SEARCH_PATHS = (
					"$(inherited)",
					"@executable_path/Frameworks",
				);
				PRODUCT_BUNDLE_IDENTIFIER = com.jcas.UberClone;
				PRODUCT_NAME = "$(TARGET_NAME)";
				SWIFT_VERSION = 5.0;
				TARGETED_DEVICE_FAMILY = "1,2";
			};
			name = Debug;
		};
		8170E6B22350A0CC00FA52F0 /* Release */ = {
			isa = XCBuildConfiguration;
			baseConfigurationReference = 1F862EC919871EADEE4CEFB1 /* Pods-UberClone.release.xcconfig */;
			buildSettings = {
				ASSETCATALOG_COMPILER_APPICON_NAME = AppIcon;
				CODE_SIGN_STYLE = Automatic;
				INFOPLIST_FILE = UberClone/Info.plist;
				LD_RUNPATH_SEARCH_PATHS = (
					"$(inherited)",
					"@executable_path/Frameworks",
				);
				PRODUCT_BUNDLE_IDENTIFIER = com.jcas.UberClone;
				PRODUCT_NAME = "$(TARGET_NAME)";
				SWIFT_VERSION = 5.0;
				TARGETED_DEVICE_FAMILY = "1,2";
			};
			name = Release;
		};
/* End XCBuildConfiguration section */

/* Begin XCConfigurationList section */
		8170E6972350A0C200FA52F0 /* Build configuration list for PBXProject "UberClone" */ = {
			isa = XCConfigurationList;
			buildConfigurations = (
				8170E6AE2350A0CC00FA52F0 /* Debug */,
				8170E6AF2350A0CC00FA52F0 /* Release */,
			);
			defaultConfigurationIsVisible = 0;
			defaultConfigurationName = Release;
		};
		8170E6B02350A0CC00FA52F0 /* Build configuration list for PBXNativeTarget "UberClone" */ = {
			isa = XCConfigurationList;
			buildConfigurations = (
				8170E6B12350A0CC00FA52F0 /* Debug */,
				8170E6B22350A0CC00FA52F0 /* Release */,
			);
			defaultConfigurationIsVisible = 0;
			defaultConfigurationName = Release;
		};
/* End XCConfigurationList section */
	};
	rootObject = 8170E6942350A0C200FA52F0 /* Project object */;
}
